
Microsoft Visual Studio Solution File, Format Version 12.00
# Visual Studio Version 17
VisualStudioVersion = 17.8.34309.116
MinimumVisualStudioVersion = 10.0.40219.1
Project("{FAE04EC0-301F-11D3-BF4B-00C04F79EFBC}") = "QLTTBCNTT-WinForm", "QLTTBCNTT-WinForm\QLTTBCNTT-WinForm.csproj", "{79959AA1-C945-49B4-ABBA-87A7C2D35A10}"
EndProject
Global
	GlobalSection(SolutionConfigurationPlatforms) = preSolution
		Debug|Any CPU = Debug|Any CPU
		Release|Any CPU = Release|Any CPU
	EndGlobalSection
	GlobalSection(ProjectConfigurationPlatforms) = postSolution
		{79959AA1-C945-49B4-ABBA-87A7C2D35A10}.Debug|Any CPU.ActiveCfg = Debug|Any CPU
		{79959AA1-C945-49B4-ABBA-87A7C2D35A10}.Debug|Any CPU.Build.0 = Debug|Any CPU
		{79959AA1-C945-49B4-ABBA-87A7C2D35A10}.Release|Any CPU.ActiveCfg = Release|Any CPU
		{79959AA1-C945-49B4-ABBA-87A7C2D35A10}.Release|Any CPU.Build.0 = Release|Any CPU
	EndGlobalSection
	GlobalSection(SolutionProperties) = preSolution
		HideSolutionNode = FALSE
	EndGlobalSection
	GlobalSection(ExtensibilityGlobals) = postSolution
		SolutionGuid = {E0A57978-2D83-4B44-BFFA-C1E5BE2D262D}
	EndGlobalSection
EndGlobal
